// !$*UTF8*$!
{
	archiveVersion = 1;
	classes = {
	};
	objectVersion = 55;
	objects = {

/* Begin PBXBuildFile section */
		CB26D55327820DFC0040B233 /* main.cpp in Sources */ = {isa = PBXBuildFile; fileRef = CB26D55227820DFC0040B233 /* main.cpp */; };
		CB26D55B278227740040B233 /* libglfw.3.3.dylib in Frameworks */ = {isa = PBXBuildFile; fileRef = CB26D55A278227740040B233 /* libglfw.3.3.dylib */; };
		CB26D55E278228280040B233 /* libvulkan.1.2.198.dylib in Frameworks */ = {isa = PBXBuildFile; fileRef = CB26D55C278227BE0040B233 /* libvulkan.1.2.198.dylib */; };
		CB26D55F2782284B0040B233 /* libglfw.3.3.dylib in CopyFiles */ = {isa = PBXBuildFile; fileRef = CB26D55A278227740040B233 /* libglfw.3.3.dylib */; settings = {ATTRIBUTES = (CodeSignOnCopy, ); }; };
		CB26D560278228500040B233 /* libvulkan.1.2.198.dylib in CopyFiles */ = {isa = PBXBuildFile; fileRef = CB26D55C278227BE0040B233 /* libvulkan.1.2.198.dylib */; settings = {ATTRIBUTES = (CodeSignOnCopy, ); }; };
/* End PBXBuildFile section */

/* Begin PBXCopyFilesBuildPhase section */
		CB26D54D27820DFC0040B233 /* CopyFiles */ = {
			isa = PBXCopyFilesBuildPhase;
			buildActionMask = 12;
			dstPath = "";
			dstSubfolderSpec = 10;
			files = (
				CB26D560278228500040B233 /* libvulkan.1.2.198.dylib in CopyFiles */,
				CB26D55F2782284B0040B233 /* libglfw.3.3.dylib in CopyFiles */,
			);
			runOnlyForDeploymentPostprocessing = 0;
		};
/* End PBXCopyFilesBuildPhase section */

/* Begin PBXFileReference section */
		CB26D54F27820DFC0040B233 /* VulkanTutorial */ = {isa = PBXFileReference; explicitFileType = "compiled.mach-o.executable"; includeInIndex = 0; path = VulkanTutorial; sourceTree = BUILT_PRODUCTS_DIR; };
		CB26D55227820DFC0040B233 /* main.cpp */ = {isa = PBXFileReference; lastKnownFileType = sourcecode.cpp.cpp; path = main.cpp; sourceTree = "<group>"; };
		CB26D55A278227740040B233 /* libglfw.3.3.dylib */ = {isa = PBXFileReference; lastKnownFileType = "compiled.mach-o.dylib"; name = libglfw.3.3.dylib; path = ../../../../opt/homebrew/Cellar/glfw/3.3.6/lib/libglfw.3.3.dylib; sourceTree = "<group>"; };
		CB26D55C278227BE0040B233 /* libvulkan.1.2.198.dylib */ = {isa = PBXFileReference; lastKnownFileType = "compiled.mach-o.dylib"; name = libvulkan.1.2.198.dylib; path = ../../VulkanSDK/macOS/lib/libvulkan.1.2.198.dylib; sourceTree = "<group>"; };
		CB26D561278228620040B233 /* libvulkan.1.2.198.dylib */ = {isa = PBXFileReference; lastKnownFileType = "compiled.mach-o.dylib"; name = libvulkan.1.2.198.dylib; path = ../../VulkanSDK/macOS/lib/libvulkan.1.2.198.dylib; sourceTree = "<group>"; };
		CB26D5632782313B0040B233 /* glfw3.h */ = {isa = PBXFileReference; lastKnownFileType = sourcecode.c.h; name = glfw3.h; path = ../../../../opt/homebrew/Cellar/glfw/3.3.6/include/GLFW/glfw3.h; sourceTree = "<group>"; };
/* End PBXFileReference section */

/* Begin PBXFrameworksBuildPhase section */
		CB26D54C27820DFC0040B233 /* Frameworks */ = {
			isa = PBXFrameworksBuildPhase;
			buildActionMask = 2147483647;
			files = (
				CB26D55E278228280040B233 /* libvulkan.1.2.198.dylib in Frameworks */,
				CB26D55B278227740040B233 /* libglfw.3.3.dylib in Frameworks */,
			);
			runOnlyForDeploymentPostprocessing = 0;
		};
/* End PBXFrameworksBuildPhase section */

/* Begin PBXGroup section */
		CB26D54627820DFC0040B233 = {
			isa = PBXGroup;
			children = (
				CB26D5632782313B0040B233 /* glfw3.h */,
				CB26D561278228620040B233 /* libvulkan.1.2.198.dylib */,
				CB26D55127820DFC0040B233 /* VulkanTutorial */,
				CB26D55027820DFC0040B233 /* Products */,
				CB26D559278227730040B233 /* Frameworks */,
			);
			sourceTree = "<group>";
			usesTabs = 1;
		};
		CB26D55027820DFC0040B233 /* Products */ = {
			isa = PBXGroup;
			children = (
				CB26D54F27820DFC0040B233 /* VulkanTutorial */,
			);
			name = Products;
			sourceTree = "<group>";
		};
		CB26D55127820DFC0040B233 /* VulkanTutorial */ = {
			isa = PBXGroup;
			children = (
				CB26D55227820DFC0040B233 /* main.cpp */,
			);
			path = VulkanTutorial;
			sourceTree = "<group>";
		};
		CB26D559278227730040B233 /* Frameworks */ = {
			isa = PBXGroup;
			children = (
				CB26D55C278227BE0040B233 /* libvulkan.1.2.198.dylib */,
				CB26D55A278227740040B233 /* libglfw.3.3.dylib */,
			);
			name = Frameworks;
			sourceTree = "<group>";
		};
/* End PBXGroup section */

/* Begin PBXHeadersBuildPhase section */
		CB26D562278231030040B233 /* Headers */ = {
			isa = PBXHeadersBuildPhase;
			buildActionMask = 2147483647;
			files = (
			);
			runOnlyForDeploymentPostprocessing = 0;
		};
/* End PBXHeadersBuildPhase section */

/* Begin PBXNativeTarget section */
		CB26D54E27820DFC0040B233 /* VulkanTutorial */ = {
			isa = PBXNativeTarget;
			buildConfigurationList = CB26D55627820DFC0040B233 /* Build configuration list for PBXNativeTarget "VulkanTutorial" */;
			buildPhases = (
				CB26D562278231030040B233 /* Headers */,
				CB26D54B27820DFC0040B233 /* Sources */,
				CB26D54C27820DFC0040B233 /* Frameworks */,
				CB26D54D27820DFC0040B233 /* CopyFiles */,
			);
			buildRules = (
			);
			dependencies = (
			);
			name = VulkanTutorial;
			productName = VulkanTutorial;
			productReference = CB26D54F27820DFC0040B233 /* VulkanTutorial */;
			productType = "com.apple.product-type.tool";
		};
/* End PBXNativeTarget section */

/* Begin PBXProject section */
		CB26D54727820DFC0040B233 /* Project object */ = {
			isa = PBXProject;
			attributes = {
				BuildIndependentTargetsInParallel = 1;
				LastUpgradeCheck = 1300;
				TargetAttributes = {
					CB26D54E27820DFC0040B233 = {
						CreatedOnToolsVersion = 13.0;
					};
				};
			};
			buildConfigurationList = CB26D54A27820DFC0040B233 /* Build configuration list for PBXProject "VulkanTutorial" */;
			compatibilityVersion = "Xcode 13.0";
			developmentRegion = en;
			hasScannedForEncodings = 0;
			knownRegions = (
				en,
				Base,
			);
			mainGroup = CB26D54627820DFC0040B233;
			productRefGroup = CB26D55027820DFC0040B233 /* Products */;
			projectDirPath = "";
			projectRoot = "";
			targets = (
				CB26D54E27820DFC0040B233 /* VulkanTutorial */,
			);
		};
/* End PBXProject section */

/* Begin PBXSourcesBuildPhase section */
		CB26D54B27820DFC0040B233 /* Sources */ = {
			isa = PBXSourcesBuildPhase;
			buildActionMask = 2147483647;
			files = (
				CB26D55327820DFC0040B233 /* main.cpp in Sources */,
			);
			runOnlyForDeploymentPostprocessing = 0;
		};
/* End PBXSourcesBuildPhase section */

/* Begin XCBuildConfiguration section */
		CB26D55427820DFC0040B233 /* Debug */ = {
			isa = XCBuildConfiguration;
			buildSettings = {
				ALWAYS_SEARCH_USER_PATHS = NO;
				CLANG_ANALYZER_NONNULL = YES;
				CLANG_ANALYZER_NUMBER_OBJECT_CONVERSION = YES_AGGRESSIVE;
				CLANG_CXX_LANGUAGE_STANDARD = "gnu++17";
				CLANG_CXX_LIBRARY = "libc++";
				CLANG_ENABLE_MODULES = YES;
				CLANG_ENABLE_OBJC_ARC = YES;
				CLANG_ENABLE_OBJC_WEAK = YES;
				CLANG_WARN_BLOCK_CAPTURE_AUTORELEASING = YES;
				CLANG_WARN_BOOL_CONVERSION = YES;
				CLANG_WARN_COMMA = YES;
				CLANG_WARN_CONSTANT_CONVERSION = YES;
				CLANG_WARN_DEPRECATED_OBJC_IMPLEMENTATIONS = YES;
				CLANG_WARN_DIRECT_OBJC_ISA_USAGE = YES_ERROR;
				CLANG_WARN_DOCUMENTATION_COMMENTS = YES;
				CLANG_WARN_EMPTY_BODY = YES;
				CLANG_WARN_ENUM_CONVERSION = YES;
				CLANG_WARN_INFINITE_RECURSION = YES;
				CLANG_WARN_INT_CONVERSION = YES;
				CLANG_WARN_NON_LITERAL_NULL_CONVERSION = YES;
				CLANG_WARN_OBJC_IMPLICIT_RETAIN_SELF = YES;
				CLANG_WARN_OBJC_LITERAL_CONVERSION = YES;
				CLANG_WARN_OBJC_ROOT_CLASS = YES_ERROR;
				CLANG_WARN_QUOTED_INCLUDE_IN_FRAMEWORK_HEADER = YES;
				CLANG_WARN_RANGE_LOOP_ANALYSIS = YES;
				CLANG_WARN_STRICT_PROTOTYPES = YES;
				CLANG_WARN_SUSPICIOUS_MOVE = YES;
				CLANG_WARN_UNGUARDED_AVAILABILITY = YES_AGGRESSIVE;
				CLANG_WARN_UNREACHABLE_CODE = YES;
				CLANG_WARN__DUPLICATE_METHOD_MATCH = YES;
				COPY_PHASE_STRIP = NO;
				DEBUG_INFORMATION_FORMAT = dwarf;
				ENABLE_STRICT_OBJC_MSGSEND = YES;
				ENABLE_TESTABILITY = YES;
				GCC_C_LANGUAGE_STANDARD = gnu11;
				GCC_DYNAMIC_NO_PIC = NO;
				GCC_NO_COMMON_BLOCKS = YES;
				GCC_OPTIMIZATION_LEVEL = 0;
				GCC_PREPROCESSOR_DEFINITIONS = (
					"DEBUG=1",
					"$(inherited)",
				);
				GCC_WARN_64_TO_32_BIT_CONVERSION = YES;
				GCC_WARN_ABOUT_RETURN_TYPE = YES_ERROR;
				GCC_WARN_UNDECLARED_SELECTOR = YES;
				GCC_WARN_UNINITIALIZED_AUTOS = YES_AGGRESSIVE;
				GCC_WARN_UNUSED_FUNCTION = YES;
				GCC_WARN_UNUSED_VARIABLE = YES;
				HEADER_SEARCH_PATHS = (
					/opt/homebrew/Cellar/glfw/3.3.6/include/GLFW,
					/Users/kody/VulkanSDK/macOS/include,
				);
				LIBRARY_SEARCH_PATHS = (
					/opt/homebrew/Cellar/glfw/3.3.6/lib,
					/Users/kody/VulkanSDK/macOS/lib,
				);
				MACOSX_DEPLOYMENT_TARGET = 11.3;
				MTL_ENABLE_DEBUG_INFO = INCLUDE_SOURCE;
				MTL_FAST_MATH = YES;
				ONLY_ACTIVE_ARCH = YES;
				SDKROOT = macosx;
			};
			name = Debug;
		};
		CB26D55527820DFC0040B233 /* Release */ = {
			isa = XCBuildConfiguration;
			buildSettings = {
				ALWAYS_SEARCH_USER_PATHS = NO;
				CLANG_ANALYZER_NONNULL = YES;
				CLANG_ANALYZER_NUMBER_OBJECT_CONVERSION = YES_AGGRESSIVE;
				CLANG_CXX_LANGUAGE_STANDARD = "gnu++17";
				CLANG_CXX_LIBRARY = "libc++";
				CLANG_ENABLE_MODULES = YES;
				CLANG_ENABLE_OBJC_ARC = YES;
				CLANG_ENABLE_OBJC_WEAK = YES;
				CLANG_WARN_BLOCK_CAPTURE_AUTORELEASING = YES;
				CLANG_WARN_BOOL_CONVERSION = YES;
				CLANG_WARN_COMMA = YES;
				CLANG_WARN_CONSTANT_CONVERSION = YES;
				CLANG_WARN_DEPRECATED_OBJC_IMPLEMENTATIONS = YES;
				CLANG_WARN_DIRECT_OBJC_ISA_USAGE = YES_ERROR;
				CLANG_WARN_DOCUMENTATION_COMMENTS = YES;
				CLANG_WARN_EMPTY_BODY = YES;
				CLANG_WARN_ENUM_CONVERSION = YES;
				CLANG_WARN_INFINITE_RECURSION = YES;
				CLANG_WARN_INT_CONVERSION = YES;
				CLANG_WARN_NON_LITERAL_NULL_CONVERSION = YES;
				CLANG_WARN_OBJC_IMPLICIT_RETAIN_SELF = YES;
				CLANG_WARN_OBJC_LITERAL_CONVERSION = YES;
				CLANG_WARN_OBJC_ROOT_CLASS = YES_ERROR;
				CLANG_WARN_QUOTED_INCLUDE_IN_FRAMEWORK_HEADER = YES;
				CLANG_WARN_RANGE_LOOP_ANALYSIS = YES;
				CLANG_WARN_STRICT_PROTOTYPES = YES;
				CLANG_WARN_SUSPICIOUS_MOVE = YES;
				CLANG_WARN_UNGUARDED_AVAILABILITY = YES_AGGRESSIVE;
				CLANG_WARN_UNREACHABLE_CODE = YES;
				CLANG_WARN__DUPLICATE_METHOD_MATCH = YES;
				COPY_PHASE_STRIP = NO;
				DEBUG_INFORMATION_FORMAT = "dwarf-with-dsym";
				ENABLE_NS_ASSERTIONS = NO;
				ENABLE_STRICT_OBJC_MSGSEND = YES;
				GCC_C_LANGUAGE_STANDARD = gnu11;
				GCC_NO_COMMON_BLOCKS = YES;
				GCC_WARN_64_TO_32_BIT_CONVERSION = YES;
				GCC_WARN_ABOUT_RETURN_TYPE = YES_ERROR;
				GCC_WARN_UNDECLARED_SELECTOR = YES;
				GCC_WARN_UNINITIALIZED_AUTOS = YES_AGGRESSIVE;
				GCC_WARN_UNUSED_FUNCTION = YES;
				GCC_WARN_UNUSED_VARIABLE = YES;
				HEADER_SEARCH_PATHS = (
					/opt/homebrew/Cellar/glfw/3.3.6/include/GLFW,
					/Users/kody/VulkanSDK/macOS/include,
				);
				LIBRARY_SEARCH_PATHS = (
					/opt/homebrew/Cellar/glfw/3.3.6/lib,
					/Users/kody/VulkanSDK/macOS/lib,
				);
				MACOSX_DEPLOYMENT_TARGET = 11.3;
				MTL_ENABLE_DEBUG_INFO = NO;
				MTL_FAST_MATH = YES;
				SDKROOT = macosx;
			};
			name = Release;
		};
		CB26D55727820DFC0040B233 /* Debug */ = {
			isa = XCBuildConfiguration;
			buildSettings = {
				CODE_SIGN_STYLE = Automatic;
				HEADER_SEARCH_PATHS = (
					/opt/homebrew/include,
					/Users/kody/VulkanSDK/macOS/include,
				);
				LIBRARY_SEARCH_PATHS = (
					/Users/kody/VulkanSDK/macOS/lib,
					/opt/homebrew/lib,
				);
				PRODUCT_NAME = "$(TARGET_NAME)";
			};
			name = Debug;
		};
		CB26D55827820DFC0040B233 /* Release */ = {
			isa = XCBuildConfiguration;
			buildSettings = {
				CODE_SIGN_STYLE = Automatic;
				HEADER_SEARCH_PATHS = (
					/opt/homebrew/include,
					/Users/kody/VulkanSDK/macOS/include,
				);
				LIBRARY_SEARCH_PATHS = (
					/Users/kody/VulkanSDK/macOS/lib,
					/opt/homebrew/lib,
				);
				PRODUCT_NAME = "$(TARGET_NAME)";
			};
			name = Release;
		};
/* End XCBuildConfiguration section */

/* Begin XCConfigurationList section */
		CB26D54A27820DFC0040B233 /* Build configuration list for PBXProject "VulkanTutorial" */ = {
			isa = XCConfigurationList;
			buildConfigurations = (
				CB26D55427820DFC0040B233 /* Debug */,
				CB26D55527820DFC0040B233 /* Release */,
			);
			defaultConfigurationIsVisible = 0;
			defaultConfigurationName = Release;
		};
		CB26D55627820DFC0040B233 /* Build configuration list for PBXNativeTarget "VulkanTutorial" */ = {
			isa = XCConfigurationList;
			buildConfigurations = (
				CB26D55727820DFC0040B233 /* Debug */,
				CB26D55827820DFC0040B233 /* Release */,
			);
			defaultConfigurationIsVisible = 0;
			defaultConfigurationName = Release;
		};
/* End XCConfigurationList section */
	};
	rootObject = CB26D54727820DFC0040B233 /* Project object */;
}
